<?xml version="1.0" encoding="utf-8"?>
<Project ToolsVersion="4.0" xmlns="http://schemas.microsoft.com/developer/msbuild/2003">
  <ItemGroup>
    <Filter Include="Andromeda-Injector">
      <UniqueIdentifier>{9c07d84f-e39a-4705-8217-1dbb5ae8bdb2}</UniqueIdentifier>
    </Filter>
    <Filter Include="Andromeda-Injector\Common">
      <UniqueIdentifier>{59b7c3b3-cff8-4adf-854f-183274448de6}</UniqueIdentifier>
    </Filter>
  </ItemGroup>
  <ItemGroup>
    <ClCompile Include="Andromeda-Injector\CInjector.cpp">
      <Filter>Andromeda-Injector</Filter>
    </ClCompile>
    <ClCompile Include="Andromeda-Injector\Main.cpp">
      <Filter>Andromeda-Injector</Filter>
    </ClCompile>
  </ItemGroup>
  <ItemGroup>
    <ClInclude Include="Andromeda-Injector\CInjector.h">
      <Filter>Andromeda-Injector</Filter>
    </ClInclude>
    <ClInclude Include="Andromeda-Injector\Main.h">
      <Filter>Andromeda-Injector</Filter>
    </ClInclude>
    <ClInclude Include="Andromeda-Injector\Common\Common.h">
      <Filter>Andromeda-Injector\Common</Filter>
    </ClInclude>
    <ClInclude Include="Andromeda-Injector\Common\Singleton.h">
      <Filter>Andromeda-Injector\Common</Filter>
    </ClInclude>
  </ItemGroup>
  <ItemGroup>
    <None Include="..\.gitattributes" />
    <None Include="..\.gitignore" />
  </ItemGroup>
</Project>